
Microsoft Visual Studio Solution File, Format Version 12.00
# Visual Studio Version 17
VisualStudioVersion = 17.5.33424.131
MinimumVisualStudioVersion = 10.0.40219.1
Project("{9A19103F-16F7-4668-BE54-9A1E7A4F7556}") = "SOFCOproject.Server", "Server\SOFCOproject.Server.csproj", "{469CA1FC-B8B0-4EED-90DC-BFC441CBD5F8}"
EndProject
Project("{9A19103F-16F7-4668-BE54-9A1E7A4F7556}") = "SOFCOproject.Client", "Client\SOFCOproject.Client.csproj", "{ECDA1B32-4C83-48E2-9D20-3511DC689D66}"
EndProject
Project("{9A19103F-16F7-4668-BE54-9A1E7A4F7556}") = "SOFCOproject.Shared", "Shared\SOFCOproject.Shared.csproj", "{9DA4955F-D836-4DAD-816B-934646723AFA}"
EndProject
Global
	GlobalSection(SolutionConfigurationPlatforms) = preSolution
		Debug|Any CPU = Debug|Any CPU
		Release|Any CPU = Release|Any CPU
	EndGlobalSection
	GlobalSection(ProjectConfigurationPlatforms) = postSolution
		{469CA1FC-B8B0-4EED-90DC-BFC441CBD5F8}.Debug|Any CPU.ActiveCfg = Debug|Any CPU
		{469CA1FC-B8B0-4EED-90DC-BFC441CBD5F8}.Debug|Any CPU.Build.0 = Debug|Any CPU
		{469CA1FC-B8B0-4EED-90DC-BFC441CBD5F8}.Release|Any CPU.ActiveCfg = Release|Any CPU
		{469CA1FC-B8B0-4EED-90DC-BFC441CBD5F8}.Release|Any CPU.Build.0 = Release|Any CPU
		{ECDA1B32-4C83-48E2-9D20-3511DC689D66}.Debug|Any CPU.ActiveCfg = Debug|Any CPU
		{ECDA1B32-4C83-48E2-9D20-3511DC689D66}.Debug|Any CPU.Build.0 = Debug|Any CPU
		{ECDA1B32-4C83-48E2-9D20-3511DC689D66}.Release|Any CPU.ActiveCfg = Release|Any CPU
		{ECDA1B32-4C83-48E2-9D20-3511DC689D66}.Release|Any CPU.Build.0 = Release|Any CPU
		{9DA4955F-D836-4DAD-816B-934646723AFA}.Debug|Any CPU.ActiveCfg = Debug|Any CPU
		{9DA4955F-D836-4DAD-816B-934646723AFA}.Debug|Any CPU.Build.0 = Debug|Any CPU
		{9DA4955F-D836-4DAD-816B-934646723AFA}.Release|Any CPU.ActiveCfg = Release|Any CPU
		{9DA4955F-D836-4DAD-816B-934646723AFA}.Release|Any CPU.Build.0 = Release|Any CPU
	EndGlobalSection
	GlobalSection(SolutionProperties) = preSolution
		HideSolutionNode = FALSE
	EndGlobalSection
	GlobalSection(ExtensibilityGlobals) = postSolution
		SolutionGuid = {5BFAB8DB-E9C7-48F7-BCD9-C63E454EEA1C}
	EndGlobalSection
EndGlobal
